github.com/didev/dipath v0.0.0-20190605075522-d31ebf5a65d6 h1:oCByArsxfKdmPG3XF2tRaW8TWSZ2sIB5/Zw4e5h79m4=
github.com/didev/dipath v0.0.0-20190605075522-d31ebf5a65d6/go.mod h1:NqvdbrS1pg2bK9qU7rPIDLZn8BG6OqlsiiOp4Rd/m98=
github.com/digital-idea/dipath v0.0.0-20190606073246-5cc149f252b0 h1:jDj9pBBsIBjNSlXno166wMARHbqXZFCV/tlDtHPIMv0=
github.com/digital-idea/dipath v0.0.0-20190606073246-5cc149f252b0/go.mod h1:O8rtB5L4H1hu6aaL4hOKY98upEWMcmbBsAx12U4HpLE=
